<?xml version="1.0" encoding="utf-8"?>
<Project ToolsVersion="4.0" xmlns="http://schemas.microsoft.com/developer/msbuild/2003">
  <ItemGroup>
    <Filter Include="Source Files">
      <UniqueIdentifier>{4FC737F1-C7A5-4376-A066-2A32D752A2FF}</UniqueIdentifier>
      <Extensions>cpp;c;cc;cxx;def;odl;idl;hpj;bat;asm;asmx</Extensions>
    </Filter>
    <Filter Include="Header Files">
      <UniqueIdentifier>{93995380-89BD-4b04-88EB-625FBE52EBFB}</UniqueIdentifier>
      <Extensions>h;hh;hpp;hxx;hm;inl;inc;xsd</Extensions>
    </Filter>
    <Filter Include="Resource Files">
      <UniqueIdentifier>{67DA6AB6-F800-4c08-8B7A-83BB121AAD01}</UniqueIdentifier>
      <Extensions>rc;ico;cur;bmp;dlg;rc2;rct;bin;rgs;gif;jpg;jpeg;jpe;resx;tiff;tif;png;wav</Extensions>
    </Filter>
  </ItemGroup>
  <ItemGroup>
    <ClInclude Include="action_base.hpp">
      <Filter>Header Files</Filter>
    </ClInclude>
    <ClInclude Include="binary_action.hpp">
      <Filter>Header Files</Filter>
    </ClInclude>
    <ClInclude Include="binary_inputs.hpp">
      <Filter>Header Files</Filter>
    </ClInclude>
    <ClInclude Include="boolean_action.hpp">
      <Filter>Header Files</Filter>
    </ClInclude>
    <ClInclude Include="condition_base.hpp">
      <Filter>Header Files</Filter>
    </ClInclude>
    <ClInclude Include="dummy_action.hpp">
      <Filter>Header Files</Filter>
    </ClInclude>
    <ClInclude Include="environment_base.hpp">
      <Filter>Header Files</Filter>
    </ClInclude>
    <ClInclude Include="experiment_mgr.hpp">
      <Filter>Header Files</Filter>
    </ClInclude>
    <ClInclude Include="fsm_env.hpp">
      <Filter>Header Files</Filter>
    </ClInclude>
    <ClInclude Include="generic.hpp">
      <Filter>Header Files</Filter>
    </ClInclude>
    <ClInclude Include="grid_env.hpp">
      <Filter>Header Files</Filter>
    </ClInclude>
    <ClInclude Include="inputs_base.hpp">
      <Filter>Header Files</Filter>
    </ClInclude>
    <ClInclude Include="integer_action.hpp">
      <Filter>Header Files</Filter>
    </ClInclude>
    <ClInclude Include="interval.hpp">
      <Filter>Header Files</Filter>
    </ClInclude>
    <ClInclude Include="multiplexer_env.hpp">
      <Filter>Header Files</Filter>
    </ClInclude>
    <ClInclude Include="parity_env.hpp">
      <Filter>Header Files</Filter>
    </ClInclude>
    <ClInclude Include="prediction_functions.hpp">
      <Filter>Header Files</Filter>
    </ClInclude>
    <ClInclude Include="real_functions_env.hpp">
      <Filter>Header Files</Filter>
    </ClInclude>
    <ClInclude Include="real_inputs.hpp">
      <Filter>Header Files</Filter>
    </ClInclude>
    <ClInclude Include="real_interval_condition.hpp">
      <Filter>Header Files</Filter>
    </ClInclude>
    <ClInclude Include="rl_definitions.hpp">
      <Filter>Header Files</Filter>
    </ClInclude>
    <ClInclude Include="ternary_condition.hpp">
      <Filter>Header Files</Filter>
    </ClInclude>
    <ClInclude Include="woods_env.hpp">
      <Filter>Header Files</Filter>
    </ClInclude>
    <ClInclude Include="woods2_env.hpp">
      <Filter>Header Files</Filter>
    </ClInclude>
    <ClInclude Include="xcs_classifier.hpp">
      <Filter>Header Files</Filter>
    </ClInclude>
    <ClInclude Include="xcs_classifier_system.hpp">
      <Filter>Header Files</Filter>
    </ClInclude>
    <ClInclude Include="xcs_config_mgr2.hpp">
      <Filter>Header Files</Filter>
    </ClInclude>
    <ClInclude Include="xcs_definitions.hpp">
      <Filter>Header Files</Filter>
    </ClInclude>
    <ClInclude Include="xcs_random.hpp">
      <Filter>Header Files</Filter>
    </ClInclude>
    <ClInclude Include="xcs_utility.hpp">
      <Filter>Header Files</Filter>
    </ClInclude>
    <ClInclude Include="xcsf_classifier.hpp">
      <Filter>Header Files</Filter>
    </ClInclude>
    <ClInclude Include="xcsf_classifier_system.hpp">
      <Filter>Header Files</Filter>
    </ClInclude>
    <ClInclude Include="pf\base.hpp">
      <Filter>Header Files</Filter>
    </ClInclude>
    <ClInclude Include="pf\nlms.hpp">
      <Filter>Header Files</Filter>
    </ClInclude>
    <ClInclude Include="pf\utility.hpp">
      <Filter>Header Files</Filter>
    </ClInclude>
  </ItemGroup>
  <ItemGroup>
    <ClCompile Include="binary_action.cpp">
      <Filter>Source Files</Filter>
    </ClCompile>
    <ClCompile Include="binary_inputs.cpp">
      <Filter>Source Files</Filter>
    </ClCompile>
    <ClCompile Include="boolean_action.cpp">
      <Filter>Source Files</Filter>
    </ClCompile>
    <ClCompile Include="dummy_action.cpp">
      <Filter>Source Files</Filter>
    </ClCompile>
    <ClCompile Include="experiment_mgr.cpp">
      <Filter>Source Files</Filter>
    </ClCompile>
    <ClCompile Include="fsm_env.cpp">
      <Filter>Source Files</Filter>
    </ClCompile>
    <ClCompile Include="generic.cpp">
      <Filter>Source Files</Filter>
    </ClCompile>
    <ClCompile Include="grid_env.cpp">
      <Filter>Source Files</Filter>
    </ClCompile>
    <ClCompile Include="integer_action.cpp">
      <Filter>Source Files</Filter>
    </ClCompile>
    <ClCompile Include="multiplexer_env.cpp">
      <Filter>Source Files</Filter>
    </ClCompile>
    <ClCompile Include="parity_env.cpp">
      <Filter>Source Files</Filter>
    </ClCompile>
    <ClCompile Include="real_functions_env.cpp">
      <Filter>Source Files</Filter>
    </ClCompile>
    <ClCompile Include="real_inputs.cpp">
      <Filter>Source Files</Filter>
    </ClCompile>
    <ClCompile Include="real_interval_condition.cpp">
      <Filter>Source Files</Filter>
    </ClCompile>
    <ClCompile Include="ternary_condition.cpp">
      <Filter>Source Files</Filter>
    </ClCompile>
    <ClCompile Include="woods_env.cpp">
      <Filter>Source Files</Filter>
    </ClCompile>
    <ClCompile Include="woods2_env.cpp">
      <Filter>Source Files</Filter>
    </ClCompile>
    <ClCompile Include="xcs_classifier.cpp">
      <Filter>Source Files</Filter>
    </ClCompile>
    <ClCompile Include="xcs_classifier_system.cpp">
      <Filter>Source Files</Filter>
    </ClCompile>
    <ClCompile Include="xcs_config_mgr2.cpp">
      <Filter>Source Files</Filter>
    </ClCompile>
    <ClCompile Include="xcs_main.cpp">
      <Filter>Source Files</Filter>
    </ClCompile>
    <ClCompile Include="xcs_random.cpp">
      <Filter>Source Files</Filter>
    </ClCompile>
    <ClCompile Include="xcs_utility.cpp">
      <Filter>Source Files</Filter>
    </ClCompile>
    <ClCompile Include="xcsf_classifier.cpp">
      <Filter>Source Files</Filter>
    </ClCompile>
    <ClCompile Include="xcsf_classifier_system.cpp">
      <Filter>Source Files</Filter>
    </ClCompile>
    <ClCompile Include="xcsf_main.cpp">
      <Filter>Source Files</Filter>
    </ClCompile>
    <ClCompile Include="pf\nlms.cpp">
      <Filter>Source Files</Filter>
    </ClCompile>
    <ClCompile Include="pf\utility.cpp">
      <Filter>Source Files</Filter>
    </ClCompile>
    <ClCompile Include="utility\mm2.cpp">
      <Filter>Source Files</Filter>
    </ClCompile>
    <ClCompile Include="utility\moving_average.cpp">
      <Filter>Source Files</Filter>
    </ClCompile>
    <ClCompile Include="pf\base.cpp">
      <Filter>Source Files</Filter>
    </ClCompile>
  </ItemGroup>
</Project>